// !$*UTF8*$!
{
	archiveVersion = 1;
	classes = {
	};
	objectVersion = 50;
	objects = {

/* Begin PBXBuildFile section */
		2D0E2D7599A539A5A16D2A84 /* libPods-Notes.a in Frameworks */ = {isa = PBXBuildFile; fileRef = 13F023B3C2339B1D40B1EBED /* libPods-Notes.a */; };
		77E971B6F288CFE01F7A03AB /* libPods-NotesTests.a in Frameworks */ = {isa = PBXBuildFile; fileRef = 10B72A7610CFB8D43F450B58 /* libPods-NotesTests.a */; };
		FA03CA7222C64854001DA937 /* AppDelegate.swift in Sources */ = {isa = PBXBuildFile; fileRef = FA03CA7122C64854001DA937 /* AppDelegate.swift */; };
		FA03CA7422C64854001DA937 /* ViewController.swift in Sources */ = {isa = PBXBuildFile; fileRef = FA03CA7322C64854001DA937 /* ViewController.swift */; };
		FA03CA7722C64854001DA937 /* Main.storyboard in Resources */ = {isa = PBXBuildFile; fileRef = FA03CA7522C64854001DA937 /* Main.storyboard */; };
		FA03CA7922C64855001DA937 /* Assets.xcassets in Resources */ = {isa = PBXBuildFile; fileRef = FA03CA7822C64855001DA937 /* Assets.xcassets */; };
		FA03CA7C22C64855001DA937 /* LaunchScreen.storyboard in Resources */ = {isa = PBXBuildFile; fileRef = FA03CA7A22C64855001DA937 /* LaunchScreen.storyboard */; };
		FA03CA8722C64855001DA937 /* NotesTests.swift in Sources */ = {isa = PBXBuildFile; fileRef = FA03CA8622C64855001DA937 /* NotesTests.swift */; };
		FA03CA9322C648B7001DA937 /* Note.swift in Sources */ = {isa = PBXBuildFile; fileRef = FA03CA9222C648B7001DA937 /* Note.swift */; };
		FA03CA9522C648D6001DA937 /* NoteExtensions.swift in Sources */ = {isa = PBXBuildFile; fileRef = FA03CA9422C648D6001DA937 /* NoteExtensions.swift */; };
		FA03CA9722C648EA001DA937 /* FileNotebook.swift in Sources */ = {isa = PBXBuildFile; fileRef = FA03CA9622C648EA001DA937 /* FileNotebook.swift */; };
/* End PBXBuildFile section */

/* Begin PBXContainerItemProxy section */
		FA03CA8322C64855001DA937 /* PBXContainerItemProxy */ = {
			isa = PBXContainerItemProxy;
			containerPortal = FA03CA6622C64854001DA937 /* Project object */;
			proxyType = 1;
			remoteGlobalIDString = FA03CA6D22C64854001DA937;
			remoteInfo = Notes;
		};
/* End PBXContainerItemProxy section */

/* Begin PBXFileReference section */
		087D626A066FECE0AF479C4A /* Pods-Notes.releasefreeversion.xcconfig */ = {isa = PBXFileReference; includeInIndex = 1; lastKnownFileType = text.xcconfig; name = "Pods-Notes.releasefreeversion.xcconfig"; path = "Target Support Files/Pods-Notes/Pods-Notes.releasefreeversion.xcconfig"; sourceTree = "<group>"; };
		10B72A7610CFB8D43F450B58 /* libPods-NotesTests.a */ = {isa = PBXFileReference; explicitFileType = archive.ar; includeInIndex = 0; path = "libPods-NotesTests.a"; sourceTree = BUILT_PRODUCTS_DIR; };
		13F023B3C2339B1D40B1EBED /* libPods-Notes.a */ = {isa = PBXFileReference; explicitFileType = archive.ar; includeInIndex = 0; path = "libPods-Notes.a"; sourceTree = BUILT_PRODUCTS_DIR; };
		33AB9BC3CDB88713F77753BD /* Pods-Notes.release.xcconfig */ = {isa = PBXFileReference; includeInIndex = 1; lastKnownFileType = text.xcconfig; name = "Pods-Notes.release.xcconfig"; path = "Target Support Files/Pods-Notes/Pods-Notes.release.xcconfig"; sourceTree = "<group>"; };
		39010B80E8B2F36DDF90B31E /* Pods-NotesTests.debug.xcconfig */ = {isa = PBXFileReference; includeInIndex = 1; lastKnownFileType = text.xcconfig; name = "Pods-NotesTests.debug.xcconfig"; path = "Target Support Files/Pods-NotesTests/Pods-NotesTests.debug.xcconfig"; sourceTree = "<group>"; };
		625AA45E1DBEF94D805165CB /* Pods-Notes.debug.xcconfig */ = {isa = PBXFileReference; includeInIndex = 1; lastKnownFileType = text.xcconfig; name = "Pods-Notes.debug.xcconfig"; path = "Target Support Files/Pods-Notes/Pods-Notes.debug.xcconfig"; sourceTree = "<group>"; };
		C0A2CFAECE89696EB92C442B /* Pods-NotesTests.release.xcconfig */ = {isa = PBXFileReference; includeInIndex = 1; lastKnownFileType = text.xcconfig; name = "Pods-NotesTests.release.xcconfig"; path = "Target Support Files/Pods-NotesTests/Pods-NotesTests.release.xcconfig"; sourceTree = "<group>"; };
		EB29B1FD7FC803CBB5E323D6 /* Pods-NotesTests.releasefreeversion.xcconfig */ = {isa = PBXFileReference; includeInIndex = 1; lastKnownFileType = text.xcconfig; name = "Pods-NotesTests.releasefreeversion.xcconfig"; path = "Target Support Files/Pods-NotesTests/Pods-NotesTests.releasefreeversion.xcconfig"; sourceTree = "<group>"; };
		FA03CA6E22C64854001DA937 /* Notes.app */ = {isa = PBXFileReference; explicitFileType = wrapper.application; includeInIndex = 0; path = Notes.app; sourceTree = BUILT_PRODUCTS_DIR; };
		FA03CA7122C64854001DA937 /* AppDelegate.swift */ = {isa = PBXFileReference; lastKnownFileType = sourcecode.swift; path = AppDelegate.swift; sourceTree = "<group>"; };
		FA03CA7322C64854001DA937 /* ViewController.swift */ = {isa = PBXFileReference; lastKnownFileType = sourcecode.swift; path = ViewController.swift; sourceTree = "<group>"; };
		FA03CA7622C64854001DA937 /* Base */ = {isa = PBXFileReference; lastKnownFileType = file.storyboard; name = Base; path = Base.lproj/Main.storyboard; sourceTree = "<group>"; };
		FA03CA7822C64855001DA937 /* Assets.xcassets */ = {isa = PBXFileReference; lastKnownFileType = folder.assetcatalog; path = Assets.xcassets; sourceTree = "<group>"; };
		FA03CA7B22C64855001DA937 /* Base */ = {isa = PBXFileReference; lastKnownFileType = file.storyboard; name = Base; path = Base.lproj/LaunchScreen.storyboard; sourceTree = "<group>"; };
		FA03CA7D22C64855001DA937 /* Info.plist */ = {isa = PBXFileReference; lastKnownFileType = text.plist.xml; path = Info.plist; sourceTree = "<group>"; };
		FA03CA8222C64855001DA937 /* NotesTests.xctest */ = {isa = PBXFileReference; explicitFileType = wrapper.cfbundle; includeInIndex = 0; path = NotesTests.xctest; sourceTree = BUILT_PRODUCTS_DIR; };
		FA03CA8622C64855001DA937 /* NotesTests.swift */ = {isa = PBXFileReference; lastKnownFileType = sourcecode.swift; path = NotesTests.swift; sourceTree = "<group>"; };
		FA03CA8822C64855001DA937 /* Info.plist */ = {isa = PBXFileReference; lastKnownFileType = text.plist.xml; path = Info.plist; sourceTree = "<group>"; };
		FA03CA9222C648B7001DA937 /* Note.swift */ = {isa = PBXFileReference; lastKnownFileType = sourcecode.swift; path = Note.swift; sourceTree = "<group>"; };
		FA03CA9422C648D6001DA937 /* NoteExtensions.swift */ = {isa = PBXFileReference; lastKnownFileType = sourcecode.swift; path = NoteExtensions.swift; sourceTree = "<group>"; };
		FA03CA9622C648EA001DA937 /* FileNotebook.swift */ = {isa = PBXFileReference; lastKnownFileType = sourcecode.swift; path = FileNotebook.swift; sourceTree = "<group>"; };
/* End PBXFileReference section */

/* Begin PBXFrameworksBuildPhase section */
		FA03CA6B22C64854001DA937 /* Frameworks */ = {
			isa = PBXFrameworksBuildPhase;
			buildActionMask = 2147483647;
			files = (
				2D0E2D7599A539A5A16D2A84 /* libPods-Notes.a in Frameworks */,
			);
			runOnlyForDeploymentPostprocessing = 0;
		};
		FA03CA7F22C64855001DA937 /* Frameworks */ = {
			isa = PBXFrameworksBuildPhase;
			buildActionMask = 2147483647;
			files = (
				77E971B6F288CFE01F7A03AB /* libPods-NotesTests.a in Frameworks */,
			);
			runOnlyForDeploymentPostprocessing = 0;
		};
/* End PBXFrameworksBuildPhase section */

/* Begin PBXGroup section */
		BE2B5D425D3B45DF044EA574 /* Pods */ = {
			isa = PBXGroup;
			children = (
				625AA45E1DBEF94D805165CB /* Pods-Notes.debug.xcconfig */,
				33AB9BC3CDB88713F77753BD /* Pods-Notes.release.xcconfig */,
				087D626A066FECE0AF479C4A /* Pods-Notes.releasefreeversion.xcconfig */,
				39010B80E8B2F36DDF90B31E /* Pods-NotesTests.debug.xcconfig */,
				C0A2CFAECE89696EB92C442B /* Pods-NotesTests.release.xcconfig */,
				EB29B1FD7FC803CBB5E323D6 /* Pods-NotesTests.releasefreeversion.xcconfig */,
			);
			path = Pods;
			sourceTree = "<group>";
		};
		D449BDA90262BA6FC751EDB1 /* Frameworks */ = {
			isa = PBXGroup;
			children = (
				13F023B3C2339B1D40B1EBED /* libPods-Notes.a */,
				10B72A7610CFB8D43F450B58 /* libPods-NotesTests.a */,
			);
			name = Frameworks;
			sourceTree = "<group>";
		};
		FA03CA6522C64854001DA937 = {
			isa = PBXGroup;
			children = (
				FA03CA9122C6487B001DA937 /* Model */,
				FA03CA7022C64854001DA937 /* Notes */,
				FA03CA8522C64855001DA937 /* NotesTests */,
				FA03CA6F22C64854001DA937 /* Products */,
				BE2B5D425D3B45DF044EA574 /* Pods */,
				D449BDA90262BA6FC751EDB1 /* Frameworks */,
			);
			sourceTree = "<group>";
		};
		FA03CA6F22C64854001DA937 /* Products */ = {
			isa = PBXGroup;
			children = (
				FA03CA6E22C64854001DA937 /* Notes.app */,
				FA03CA8222C64855001DA937 /* NotesTests.xctest */,
			);
			name = Products;
			sourceTree = "<group>";
		};
		FA03CA7022C64854001DA937 /* Notes */ = {
			isa = PBXGroup;
			children = (
				FA03CA7122C64854001DA937 /* AppDelegate.swift */,
				FA03CA7322C64854001DA937 /* ViewController.swift */,
				FA03CA7522C64854001DA937 /* Main.storyboard */,
				FA03CA7822C64855001DA937 /* Assets.xcassets */,
				FA03CA7A22C64855001DA937 /* LaunchScreen.storyboard */,
				FA03CA7D22C64855001DA937 /* Info.plist */,
			);
			path = Notes;
			sourceTree = "<group>";
		};
		FA03CA8522C64855001DA937 /* NotesTests */ = {
			isa = PBXGroup;
			children = (
				FA03CA8622C64855001DA937 /* NotesTests.swift */,
				FA03CA8822C64855001DA937 /* Info.plist */,
			);
			path = NotesTests;
			sourceTree = "<group>";
		};
		FA03CA9122C6487B001DA937 /* Model */ = {
			isa = PBXGroup;
			children = (
				FA03CA9222C648B7001DA937 /* Note.swift */,
				FA03CA9422C648D6001DA937 /* NoteExtensions.swift */,
				FA03CA9622C648EA001DA937 /* FileNotebook.swift */,
			);
			path = Model;
			sourceTree = "<group>";
		};
/* End PBXGroup section */

/* Begin PBXNativeTarget section */
		FA03CA6D22C64854001DA937 /* Notes */ = {
			isa = PBXNativeTarget;
			buildConfigurationList = FA03CA8B22C64855001DA937 /* Build configuration list for PBXNativeTarget "Notes" */;
			buildPhases = (
				3515A93B4A6AB1A253FF8F66 /* [CP] Check Pods Manifest.lock */,
				FA03CA6A22C64854001DA937 /* Sources */,
				FA03CA6B22C64854001DA937 /* Frameworks */,
				FA03CA6C22C64854001DA937 /* Resources */,
			);
			buildRules = (
			);
			dependencies = (
			);
			name = Notes;
			productName = Notes;
			productReference = FA03CA6E22C64854001DA937 /* Notes.app */;
			productType = "com.apple.product-type.application";
		};
		FA03CA8122C64855001DA937 /* NotesTests */ = {
			isa = PBXNativeTarget;
			buildConfigurationList = FA03CA8E22C64855001DA937 /* Build configuration list for PBXNativeTarget "NotesTests" */;
			buildPhases = (
				B204CD0F5F756B0C5D98F795 /* [CP] Check Pods Manifest.lock */,
				FA03CA7E22C64855001DA937 /* Sources */,
				FA03CA7F22C64855001DA937 /* Frameworks */,
				FA03CA8022C64855001DA937 /* Resources */,
			);
			buildRules = (
			);
			dependencies = (
				FA03CA8422C64855001DA937 /* PBXTargetDependency */,
			);
			name = NotesTests;
			productName = NotesTests;
			productReference = FA03CA8222C64855001DA937 /* NotesTests.xctest */;
			productType = "com.apple.product-type.bundle.unit-test";
		};
/* End PBXNativeTarget section */

/* Begin PBXProject section */
		FA03CA6622C64854001DA937 /* Project object */ = {
			isa = PBXProject;
			attributes = {
				LastSwiftUpdateCheck = 1020;
				LastUpgradeCheck = 1020;
				ORGANIZATIONNAME = Alex;
				TargetAttributes = {
					FA03CA6D22C64854001DA937 = {
						CreatedOnToolsVersion = 10.2.1;
					};
					FA03CA8122C64855001DA937 = {
						CreatedOnToolsVersion = 10.2.1;
						TestTargetID = FA03CA6D22C64854001DA937;
					};
				};
			};
			buildConfigurationList = FA03CA6922C64854001DA937 /* Build configuration list for PBXProject "Notes" */;
			compatibilityVersion = "Xcode 9.3";
			developmentRegion = en;
			hasScannedForEncodings = 0;
			knownRegions = (
				en,
				Base,
			);
			mainGroup = FA03CA6522C64854001DA937;
			productRefGroup = FA03CA6F22C64854001DA937 /* Products */;
			projectDirPath = "";
			projectRoot = "";
			targets = (
				FA03CA6D22C64854001DA937 /* Notes */,
				FA03CA8122C64855001DA937 /* NotesTests */,
			);
		};
/* End PBXProject section */

/* Begin PBXResourcesBuildPhase section */
		FA03CA6C22C64854001DA937 /* Resources */ = {
			isa = PBXResourcesBuildPhase;
			buildActionMask = 2147483647;
			files = (
				FA03CA7C22C64855001DA937 /* LaunchScreen.storyboard in Resources */,
				FA03CA7922C64855001DA937 /* Assets.xcassets in Resources */,
				FA03CA7722C64854001DA937 /* Main.storyboard in Resources */,
			);
			runOnlyForDeploymentPostprocessing = 0;
		};
		FA03CA8022C64855001DA937 /* Resources */ = {
			isa = PBXResourcesBuildPhase;
			buildActionMask = 2147483647;
			files = (
			);
			runOnlyForDeploymentPostprocessing = 0;
		};
/* End PBXResourcesBuildPhase section */

/* Begin PBXShellScriptBuildPhase section */
		3515A93B4A6AB1A253FF8F66 /* [CP] Check Pods Manifest.lock */ = {
			isa = PBXShellScriptBuildPhase;
			buildActionMask = 2147483647;
			files = (
			);
			inputFileListPaths = (
			);
			inputPaths = (
				"${PODS_PODFILE_DIR_PATH}/Podfile.lock",
				"${PODS_ROOT}/Manifest.lock",
			);
			name = "[CP] Check Pods Manifest.lock";
			outputFileListPaths = (
			);
			outputPaths = (
				"$(DERIVED_FILE_DIR)/Pods-Notes-checkManifestLockResult.txt",
			);
			runOnlyForDeploymentPostprocessing = 0;
			shellPath = /bin/sh;
			shellScript = "diff \"${PODS_PODFILE_DIR_PATH}/Podfile.lock\" \"${PODS_ROOT}/Manifest.lock\" > /dev/null\nif [ $? != 0 ] ; then\n    # print error to STDERR\n    echo \"error: The sandbox is not in sync with the Podfile.lock. Run 'pod install' or update your CocoaPods installation.\" >&2\n    exit 1\nfi\n# This output is used by Xcode 'outputs' to avoid re-running this script phase.\necho \"SUCCESS\" > \"${SCRIPT_OUTPUT_FILE_0}\"\n";
			showEnvVarsInLog = 0;
		};
		B204CD0F5F756B0C5D98F795 /* [CP] Check Pods Manifest.lock */ = {
			isa = PBXShellScriptBuildPhase;
			buildActionMask = 2147483647;
			files = (
			);
			inputFileListPaths = (
			);
			inputPaths = (
				"${PODS_PODFILE_DIR_PATH}/Podfile.lock",
				"${PODS_ROOT}/Manifest.lock",
			);
			name = "[CP] Check Pods Manifest.lock";
			outputFileListPaths = (
			);
			outputPaths = (
				"$(DERIVED_FILE_DIR)/Pods-NotesTests-checkManifestLockResult.txt",
			);
			runOnlyForDeploymentPostprocessing = 0;
			shellPath = /bin/sh;
			shellScript = "diff \"${PODS_PODFILE_DIR_PATH}/Podfile.lock\" \"${PODS_ROOT}/Manifest.lock\" > /dev/null\nif [ $? != 0 ] ; then\n    # print error to STDERR\n    echo \"error: The sandbox is not in sync with the Podfile.lock. Run 'pod install' or update your CocoaPods installation.\" >&2\n    exit 1\nfi\n# This output is used by Xcode 'outputs' to avoid re-running this script phase.\necho \"SUCCESS\" > \"${SCRIPT_OUTPUT_FILE_0}\"\n";
			showEnvVarsInLog = 0;
		};
/* End PBXShellScriptBuildPhase section */

/* Begin PBXSourcesBuildPhase section */
		FA03CA6A22C64854001DA937 /* Sources */ = {
			isa = PBXSourcesBuildPhase;
			buildActionMask = 2147483647;
			files = (
				FA03CA9722C648EA001DA937 /* FileNotebook.swift in Sources */,
				FA03CA7422C64854001DA937 /* ViewController.swift in Sources */,
				FA03CA9522C648D6001DA937 /* NoteExtensions.swift in Sources */,
				FA03CA7222C64854001DA937 /* AppDelegate.swift in Sources */,
				FA03CA9322C648B7001DA937 /* Note.swift in Sources */,
			);
			runOnlyForDeploymentPostprocessing = 0;
		};
		FA03CA7E22C64855001DA937 /* Sources */ = {
			isa = PBXSourcesBuildPhase;
			buildActionMask = 2147483647;
			files = (
				FA03CA8722C64855001DA937 /* NotesTests.swift in Sources */,
			);
			runOnlyForDeploymentPostprocessing = 0;
		};
/* End PBXSourcesBuildPhase section */

/* Begin PBXTargetDependency section */
		FA03CA8422C64855001DA937 /* PBXTargetDependency */ = {
			isa = PBXTargetDependency;
			target = FA03CA6D22C64854001DA937 /* Notes */;
			targetProxy = FA03CA8322C64855001DA937 /* PBXContainerItemProxy */;
		};
/* End PBXTargetDependency section */

/* Begin PBXVariantGroup section */
		FA03CA7522C64854001DA937 /* Main.storyboard */ = {
			isa = PBXVariantGroup;
			children = (
				FA03CA7622C64854001DA937 /* Base */,
			);
			name = Main.storyboard;
			sourceTree = "<group>";
		};
		FA03CA7A22C64855001DA937 /* LaunchScreen.storyboard */ = {
			isa = PBXVariantGroup;
			children = (
				FA03CA7B22C64855001DA937 /* Base */,
			);
			name = LaunchScreen.storyboard;
			sourceTree = "<group>";
		};
/* End PBXVariantGroup section */

/* Begin XCBuildConfiguration section */
		FA03CA8922C64855001DA937 /* Debug */ = {
			isa = XCBuildConfiguration;
			buildSettings = {
				ALWAYS_SEARCH_USER_PATHS = NO;
				CLANG_ANALYZER_NONNULL = YES;
				CLANG_ANALYZER_NUMBER_OBJECT_CONVERSION = YES_AGGRESSIVE;
				CLANG_CXX_LANGUAGE_STANDARD = "gnu++14";
				CLANG_CXX_LIBRARY = "libc++";
				CLANG_ENABLE_MODULES = YES;
				CLANG_ENABLE_OBJC_ARC = YES;
				CLANG_ENABLE_OBJC_WEAK = YES;
				CLANG_WARN_BLOCK_CAPTURE_AUTORELEASING = YES;
				CLANG_WARN_BOOL_CONVERSION = YES;
				CLANG_WARN_COMMA = YES;
				CLANG_WARN_CONSTANT_CONVERSION = YES;
				CLANG_WARN_DEPRECATED_OBJC_IMPLEMENTATIONS = YES;
				CLANG_WARN_DIRECT_OBJC_ISA_USAGE = YES_ERROR;
				CLANG_WARN_DOCUMENTATION_COMMENTS = YES;
				CLANG_WARN_EMPTY_BODY = YES;
				CLANG_WARN_ENUM_CONVERSION = YES;
				CLANG_WARN_INFINITE_RECURSION = YES;
				CLANG_WARN_INT_CONVERSION = YES;
				CLANG_WARN_NON_LITERAL_NULL_CONVERSION = YES;
				CLANG_WARN_OBJC_IMPLICIT_RETAIN_SELF = YES;
				CLANG_WARN_OBJC_LITERAL_CONVERSION = YES;
				CLANG_WARN_OBJC_ROOT_CLASS = YES_ERROR;
				CLANG_WARN_RANGE_LOOP_ANALYSIS = YES;
				CLANG_WARN_STRICT_PROTOTYPES = YES;
				CLANG_WARN_SUSPICIOUS_MOVE = YES;
				CLANG_WARN_UNGUARDED_AVAILABILITY = YES_AGGRESSIVE;
				CLANG_WARN_UNREACHABLE_CODE = YES;
				CLANG_WARN__DUPLICATE_METHOD_MATCH = YES;
				CODE_SIGN_IDENTITY = "iPhone Developer";
				COPY_PHASE_STRIP = NO;
				DEBUG_INFORMATION_FORMAT = dwarf;
				ENABLE_STRICT_OBJC_MSGSEND = YES;
				ENABLE_TESTABILITY = YES;
				GCC_C_LANGUAGE_STANDARD = gnu11;
				GCC_DYNAMIC_NO_PIC = NO;
				GCC_NO_COMMON_BLOCKS = YES;
				GCC_OPTIMIZATION_LEVEL = 0;
				GCC_PREPROCESSOR_DEFINITIONS = (
					"DEBUG=1",
					"$(inherited)",
				);
				GCC_WARN_64_TO_32_BIT_CONVERSION = YES;
				GCC_WARN_ABOUT_RETURN_TYPE = YES_ERROR;
				GCC_WARN_UNDECLARED_SELECTOR = YES;
				GCC_WARN_UNINITIALIZED_AUTOS = YES_AGGRESSIVE;
				GCC_WARN_UNUSED_FUNCTION = YES;
				GCC_WARN_UNUSED_VARIABLE = YES;
				IPHONEOS_DEPLOYMENT_TARGET = 12.2;
				MTL_ENABLE_DEBUG_INFO = INCLUDE_SOURCE;
				MTL_FAST_MATH = YES;
				ONLY_ACTIVE_ARCH = YES;
				SDKROOT = iphoneos;
				SWIFT_ACTIVE_COMPILATION_CONDITIONS = "DEBUG=1";
				SWIFT_OPTIMIZATION_LEVEL = "-Onone";
			};
			name = Debug;
		};
		FA03CA8A22C64855001DA937 /* Release */ = {
			isa = XCBuildConfiguration;
			buildSettings = {
				ALWAYS_SEARCH_USER_PATHS = NO;
				CLANG_ANALYZER_NONNULL = YES;
				CLANG_ANALYZER_NUMBER_OBJECT_CONVERSION = YES_AGGRESSIVE;
				CLANG_CXX_LANGUAGE_STANDARD = "gnu++14";
				CLANG_CXX_LIBRARY = "libc++";
				CLANG_ENABLE_MODULES = YES;
				CLANG_ENABLE_OBJC_ARC = YES;
				CLANG_ENABLE_OBJC_WEAK = YES;
				CLANG_WARN_BLOCK_CAPTURE_AUTORELEASING = YES;
				CLANG_WARN_BOOL_CONVERSION = YES;
				CLANG_WARN_COMMA = YES;
				CLANG_WARN_CONSTANT_CONVERSION = YES;
				CLANG_WARN_DEPRECATED_OBJC_IMPLEMENTATIONS = YES;
				CLANG_WARN_DIRECT_OBJC_ISA_USAGE = YES_ERROR;
				CLANG_WARN_DOCUMENTATION_COMMENTS = YES;
				CLANG_WARN_EMPTY_BODY = YES;
				CLANG_WARN_ENUM_CONVERSION = YES;
				CLANG_WARN_INFINITE_RECURSION = YES;
				CLANG_WARN_INT_CONVERSION = YES;
				CLANG_WARN_NON_LITERAL_NULL_CONVERSION = YES;
				CLANG_WARN_OBJC_IMPLICIT_RETAIN_SELF = YES;
				CLANG_WARN_OBJC_LITERAL_CONVERSION = YES;
				CLANG_WARN_OBJC_ROOT_CLASS = YES_ERROR;
				CLANG_WARN_RANGE_LOOP_ANALYSIS = YES;
				CLANG_WARN_STRICT_PROTOTYPES = YES;
				CLANG_WARN_SUSPICIOUS_MOVE = YES;
				CLANG_WARN_UNGUARDED_AVAILABILITY = YES_AGGRESSIVE;
				CLANG_WARN_UNREACHABLE_CODE = YES;
				CLANG_WARN__DUPLICATE_METHOD_MATCH = YES;
				CODE_SIGN_IDENTITY = "iPhone Developer";
				COPY_PHASE_STRIP = NO;
				DEBUG_INFORMATION_FORMAT = "dwarf-with-dsym";
				ENABLE_NS_ASSERTIONS = NO;
				ENABLE_STRICT_OBJC_MSGSEND = YES;
				GCC_C_LANGUAGE_STANDARD = gnu11;
				GCC_NO_COMMON_BLOCKS = YES;
				GCC_WARN_64_TO_32_BIT_CONVERSION = YES;
				GCC_WARN_ABOUT_RETURN_TYPE = YES_ERROR;
				GCC_WARN_UNDECLARED_SELECTOR = YES;
				GCC_WARN_UNINITIALIZED_AUTOS = YES_AGGRESSIVE;
				GCC_WARN_UNUSED_FUNCTION = YES;
				GCC_WARN_UNUSED_VARIABLE = YES;
				IPHONEOS_DEPLOYMENT_TARGET = 12.2;
				MTL_ENABLE_DEBUG_INFO = NO;
				MTL_FAST_MATH = YES;
				SDKROOT = iphoneos;
				SWIFT_COMPILATION_MODE = wholemodule;
				SWIFT_OPTIMIZATION_LEVEL = "-O";
				VALIDATE_PRODUCT = YES;
			};
			name = Release;
		};
		FA03CA8C22C64855001DA937 /* Debug */ = {
			isa = XCBuildConfiguration;
			baseConfigurationReference = 625AA45E1DBEF94D805165CB /* Pods-Notes.debug.xcconfig */;
			buildSettings = {
				ASSETCATALOG_COMPILER_APPICON_NAME = AppIcon;
				CODE_SIGN_STYLE = Automatic;
				INFOPLIST_FILE = Notes/Info.plist;
				LD_RUNPATH_SEARCH_PATHS = (
					"$(inherited)",
					"@executable_path/Frameworks",
				);
				PRODUCT_BUNDLE_IDENTIFIER = Alex.Notes;
				PRODUCT_NAME = "$(TARGET_NAME)";
				SWIFT_VERSION = 5.0;
				TARGETED_DEVICE_FAMILY = "1,2";
			};
			name = Debug;
		};
		FA03CA8D22C64855001DA937 /* Release */ = {
			isa = XCBuildConfiguration;
			baseConfigurationReference = 33AB9BC3CDB88713F77753BD /* Pods-Notes.release.xcconfig */;
			buildSettings = {
				ASSETCATALOG_COMPILER_APPICON_NAME = AppIcon;
				CODE_SIGN_STYLE = Automatic;
				INFOPLIST_FILE = Notes/Info.plist;
				LD_RUNPATH_SEARCH_PATHS = (
					"$(inherited)",
					"@executable_path/Frameworks",
				);
				PRODUCT_BUNDLE_IDENTIFIER = Alex.Notes;
				PRODUCT_NAME = "$(TARGET_NAME)";
				SWIFT_VERSION = 5.0;
				TARGETED_DEVICE_FAMILY = "1,2";
			};
			name = Release;
		};
		FA03CA8F22C64855001DA937 /* Debug */ = {
			isa = XCBuildConfiguration;
			baseConfigurationReference = 39010B80E8B2F36DDF90B31E /* Pods-NotesTests.debug.xcconfig */;
			buildSettings = {
				ALWAYS_EMBED_SWIFT_STANDARD_LIBRARIES = YES;
				BUNDLE_LOADER = "$(TEST_HOST)";
				CODE_SIGN_STYLE = Automatic;
				INFOPLIST_FILE = NotesTests/Info.plist;
				LD_RUNPATH_SEARCH_PATHS = (
					"$(inherited)",
					"@executable_path/Frameworks",
					"@loader_path/Frameworks",
				);
				PRODUCT_BUNDLE_IDENTIFIER = Alex.NotesTests;
				PRODUCT_NAME = "$(TARGET_NAME)";
				SWIFT_VERSION = 5.0;
				TARGETED_DEVICE_FAMILY = "1,2";
				TEST_HOST = "$(BUILT_PRODUCTS_DIR)/Notes.app/Notes";
			};
			name = Debug;
		};
		FA03CA9022C64855001DA937 /* Release */ = {
			isa = XCBuildConfiguration;
			baseConfigurationReference = C0A2CFAECE89696EB92C442B /* Pods-NotesTests.release.xcconfig */;
			buildSettings = {
				ALWAYS_EMBED_SWIFT_STANDARD_LIBRARIES = YES;
				BUNDLE_LOADER = "$(TEST_HOST)";
				CODE_SIGN_STYLE = Automatic;
				INFOPLIST_FILE = NotesTests/Info.plist;
				LD_RUNPATH_SEARCH_PATHS = (
					"$(inherited)",
					"@executable_path/Frameworks",
					"@loader_path/Frameworks",
				);
				PRODUCT_BUNDLE_IDENTIFIER = Alex.NotesTests;
				PRODUCT_NAME = "$(TARGET_NAME)";
				SWIFT_VERSION = 5.0;
				TARGETED_DEVICE_FAMILY = "1,2";
				TEST_HOST = "$(BUILT_PRODUCTS_DIR)/Notes.app/Notes";
			};
			name = Release;
		};
		FAEE646222D27E34007BA56B /* ReleaseFreeVersion */ = {
			isa = XCBuildConfiguration;
			buildSettings = {
				ALWAYS_SEARCH_USER_PATHS = NO;
				CLANG_ANALYZER_NONNULL = YES;
				CLANG_ANALYZER_NUMBER_OBJECT_CONVERSION = YES_AGGRESSIVE;
				CLANG_CXX_LANGUAGE_STANDARD = "gnu++14";
				CLANG_CXX_LIBRARY = "libc++";
				CLANG_ENABLE_MODULES = YES;
				CLANG_ENABLE_OBJC_ARC = YES;
				CLANG_ENABLE_OBJC_WEAK = YES;
				CLANG_WARN_BLOCK_CAPTURE_AUTORELEASING = YES;
				CLANG_WARN_BOOL_CONVERSION = YES;
				CLANG_WARN_COMMA = YES;
				CLANG_WARN_CONSTANT_CONVERSION = YES;
				CLANG_WARN_DEPRECATED_OBJC_IMPLEMENTATIONS = YES;
				CLANG_WARN_DIRECT_OBJC_ISA_USAGE = YES_ERROR;
				CLANG_WARN_DOCUMENTATION_COMMENTS = YES;
				CLANG_WARN_EMPTY_BODY = YES;
				CLANG_WARN_ENUM_CONVERSION = YES;
				CLANG_WARN_INFINITE_RECURSION = YES;
				CLANG_WARN_INT_CONVERSION = YES;
				CLANG_WARN_NON_LITERAL_NULL_CONVERSION = YES;
				CLANG_WARN_OBJC_IMPLICIT_RETAIN_SELF = YES;
				CLANG_WARN_OBJC_LITERAL_CONVERSION = YES;
				CLANG_WARN_OBJC_ROOT_CLASS = YES_ERROR;
				CLANG_WARN_RANGE_LOOP_ANALYSIS = YES;
				CLANG_WARN_STRICT_PROTOTYPES = YES;
				CLANG_WARN_SUSPICIOUS_MOVE = YES;
				CLANG_WARN_UNGUARDED_AVAILABILITY = YES_AGGRESSIVE;
				CLANG_WARN_UNREACHABLE_CODE = YES;
				CLANG_WARN__DUPLICATE_METHOD_MATCH = YES;
				CODE_SIGN_IDENTITY = "iPhone Developer";
				COPY_PHASE_STRIP = NO;
				DEBUG_INFORMATION_FORMAT = "dwarf-with-dsym";
				ENABLE_NS_ASSERTIONS = NO;
				ENABLE_STRICT_OBJC_MSGSEND = YES;
				GCC_C_LANGUAGE_STANDARD = gnu11;
				GCC_NO_COMMON_BLOCKS = YES;
				GCC_WARN_64_TO_32_BIT_CONVERSION = YES;
				GCC_WARN_ABOUT_RETURN_TYPE = YES_ERROR;
				GCC_WARN_UNDECLARED_SELECTOR = YES;
				GCC_WARN_UNINITIALIZED_AUTOS = YES_AGGRESSIVE;
				GCC_WARN_UNUSED_FUNCTION = YES;
				GCC_WARN_UNUSED_VARIABLE = YES;
				IPHONEOS_DEPLOYMENT_TARGET = 12.2;
				MTL_ENABLE_DEBUG_INFO = NO;
				MTL_FAST_MATH = YES;
				SDKROOT = iphoneos;
				SWIFT_ACTIVE_COMPILATION_CONDITIONS = "FREE=1";
				SWIFT_COMPILATION_MODE = wholemodule;
				SWIFT_OPTIMIZATION_LEVEL = "-O";
				VALIDATE_PRODUCT = YES;
			};
			name = ReleaseFreeVersion;
		};
		FAEE646322D27E34007BA56B /* ReleaseFreeVersion */ = {
			isa = XCBuildConfiguration;
			baseConfigurationReference = 087D626A066FECE0AF479C4A /* Pods-Notes.releasefreeversion.xcconfig */;
			buildSettings = {
				ASSETCATALOG_COMPILER_APPICON_NAME = AppIcon;
				CODE_SIGN_STYLE = Automatic;
				INFOPLIST_FILE = Notes/Info.plist;
				LD_RUNPATH_SEARCH_PATHS = (
					"$(inherited)",
					"@executable_path/Frameworks",
				);
				PRODUCT_BUNDLE_IDENTIFIER = Alex.Notes;
				PRODUCT_NAME = "$(TARGET_NAME)";
				SWIFT_VERSION = 5.0;
				TARGETED_DEVICE_FAMILY = "1,2";
			};
			name = ReleaseFreeVersion;
		};
		FAEE646422D27E34007BA56B /* ReleaseFreeVersion */ = {
			isa = XCBuildConfiguration;
			baseConfigurationReference = EB29B1FD7FC803CBB5E323D6 /* Pods-NotesTests.releasefreeversion.xcconfig */;
			buildSettings = {
				ALWAYS_EMBED_SWIFT_STANDARD_LIBRARIES = YES;
				BUNDLE_LOADER = "$(TEST_HOST)";
				CODE_SIGN_STYLE = Automatic;
				INFOPLIST_FILE = NotesTests/Info.plist;
				LD_RUNPATH_SEARCH_PATHS = (
					"$(inherited)",
					"@executable_path/Frameworks",
					"@loader_path/Frameworks",
				);
				PRODUCT_BUNDLE_IDENTIFIER = Alex.NotesTests;
				PRODUCT_NAME = "$(TARGET_NAME)";
				SWIFT_VERSION = 5.0;
				TARGETED_DEVICE_FAMILY = "1,2";
				TEST_HOST = "$(BUILT_PRODUCTS_DIR)/Notes.app/Notes";
			};
			name = ReleaseFreeVersion;
		};
/* End XCBuildConfiguration section */

/* Begin XCConfigurationList section */
		FA03CA6922C64854001DA937 /* Build configuration list for PBXProject "Notes" */ = {
			isa = XCConfigurationList;
			buildConfigurations = (
				FA03CA8922C64855001DA937 /* Debug */,
				FA03CA8A22C64855001DA937 /* Release */,
				FAEE646222D27E34007BA56B /* ReleaseFreeVersion */,
			);
			defaultConfigurationIsVisible = 0;
			defaultConfigurationName = Release;
		};
		FA03CA8B22C64855001DA937 /* Build configuration list for PBXNativeTarget "Notes" */ = {
			isa = XCConfigurationList;
			buildConfigurations = (
				FA03CA8C22C64855001DA937 /* Debug */,
				FA03CA8D22C64855001DA937 /* Release */,
				FAEE646322D27E34007BA56B /* ReleaseFreeVersion */,
			);
			defaultConfigurationIsVisible = 0;
			defaultConfigurationName = Release;
		};
		FA03CA8E22C64855001DA937 /* Build configuration list for PBXNativeTarget "NotesTests" */ = {
			isa = XCConfigurationList;
			buildConfigurations = (
				FA03CA8F22C64855001DA937 /* Debug */,
				FA03CA9022C64855001DA937 /* Release */,
				FAEE646422D27E34007BA56B /* ReleaseFreeVersion */,
			);
			defaultConfigurationIsVisible = 0;
			defaultConfigurationName = Release;
		};
/* End XCConfigurationList section */
	};
	rootObject = FA03CA6622C64854001DA937 /* Project object */;
}
